Microsoft Visual Studio Solution File, Format Version 12.00
# Visual Studio Version 16
VisualStudioVersion = 16.0.30114.105
MinimumVisualStudioVersion = 10.0.40219.1
Project("{2150E333-8FDC-42A3-9474-1A3956D46DE8}") = "01. Domain", "src\Domain", "{A55F63F1-2236-4AF8-99AE-FC8E73A5B6D7}"
EndProject
Project("{FAE04EC0-301F-11D3-BF4B-00C04F79EFBC}") = "Domain", "src\Domain\Domain.csproj", "{59D39284-D91E-4BB6-90AE-6AE5EDCB0720}"
EndProject
Project("{2150E333-8FDC-42A3-9474-1A3956D46DE8}") = "02. Business Rules", "src\Application", "{DBC80535-46DA-4D74-81B3-DC9714826E44}"
EndProject
Project("{FAE04EC0-301F-11D3-BF4B-00C04F79EFBC}") = "Application", "src\Application\Application.csproj", "{2A9EF798-2454-4329-92F3-1AE353358B64}"
EndProject
Project("{2150E333-8FDC-42A3-9474-1A3956D46DE8}") = "03. Implementation", "src\Infrastructure", "{E84EF256-5EBD-49B9-9BE0-2F0A5DCEA73C}"
EndProject
Project("{2150E333-8FDC-42A3-9474-1A3956D46DE8}") = "01. Common Implementation", "src\Infrastructure\Common", "{9DFB3838-824B-4063-9D48-07710564D1B7}"
EndProject
Project("{FAE04EC0-301F-11D3-BF4B-00C04F79EFBC}") = "Common", "src\Infrastructure\Common\Common.csproj", "{C45C3142-E4E7-437F-9C28-591810A765FD}"
EndProject
Project("{FAE04EC0-301F-11D3-BF4B-00C04F79EFBC}") = "WebApi", "src\Infrastructure\WebApi\WebApi.csproj", "{F6A85489-50A5-450D-A77D-CEDB85206CAD}"
EndProject
Global
	GlobalSection(SolutionConfigurationPlatforms) = preSolution
		Debug|Any CPU = Debug|Any CPU
		Debug|x64 = Debug|x64
		Debug|x86 = Debug|x86
		Release|Any CPU = Release|Any CPU
		Release|x64 = Release|x64
		Release|x86 = Release|x86
	EndGlobalSection
	GlobalSection(SolutionProperties) = preSolution
		HideSolutionNode = FALSE
	EndGlobalSection
	GlobalSection(ProjectConfigurationPlatforms) = postSolution
		{59D39284-D91E-4BB6-90AE-6AE5EDCB0720}.Debug|Any CPU.ActiveCfg = Debug|Any CPU
		{59D39284-D91E-4BB6-90AE-6AE5EDCB0720}.Debug|Any CPU.Build.0 = Debug|Any CPU
		{59D39284-D91E-4BB6-90AE-6AE5EDCB0720}.Debug|x64.ActiveCfg = Debug|Any CPU
		{59D39284-D91E-4BB6-90AE-6AE5EDCB0720}.Debug|x64.Build.0 = Debug|Any CPU
		{59D39284-D91E-4BB6-90AE-6AE5EDCB0720}.Debug|x86.ActiveCfg = Debug|Any CPU
		{59D39284-D91E-4BB6-90AE-6AE5EDCB0720}.Debug|x86.Build.0 = Debug|Any CPU
		{59D39284-D91E-4BB6-90AE-6AE5EDCB0720}.Release|Any CPU.ActiveCfg = Release|Any CPU
		{59D39284-D91E-4BB6-90AE-6AE5EDCB0720}.Release|Any CPU.Build.0 = Release|Any CPU
		{59D39284-D91E-4BB6-90AE-6AE5EDCB0720}.Release|x64.ActiveCfg = Release|Any CPU
		{59D39284-D91E-4BB6-90AE-6AE5EDCB0720}.Release|x64.Build.0 = Release|Any CPU
		{59D39284-D91E-4BB6-90AE-6AE5EDCB0720}.Release|x86.ActiveCfg = Release|Any CPU
		{59D39284-D91E-4BB6-90AE-6AE5EDCB0720}.Release|x86.Build.0 = Release|Any CPU
		{2A9EF798-2454-4329-92F3-1AE353358B64}.Debug|Any CPU.ActiveCfg = Debug|Any CPU
		{2A9EF798-2454-4329-92F3-1AE353358B64}.Debug|Any CPU.Build.0 = Debug|Any CPU
		{2A9EF798-2454-4329-92F3-1AE353358B64}.Debug|x64.ActiveCfg = Debug|Any CPU
		{2A9EF798-2454-4329-92F3-1AE353358B64}.Debug|x64.Build.0 = Debug|Any CPU
		{2A9EF798-2454-4329-92F3-1AE353358B64}.Debug|x86.ActiveCfg = Debug|Any CPU
		{2A9EF798-2454-4329-92F3-1AE353358B64}.Debug|x86.Build.0 = Debug|Any CPU
		{2A9EF798-2454-4329-92F3-1AE353358B64}.Release|Any CPU.ActiveCfg = Release|Any CPU
		{2A9EF798-2454-4329-92F3-1AE353358B64}.Release|Any CPU.Build.0 = Release|Any CPU
		{2A9EF798-2454-4329-92F3-1AE353358B64}.Release|x64.ActiveCfg = Release|Any CPU
		{2A9EF798-2454-4329-92F3-1AE353358B64}.Release|x64.Build.0 = Release|Any CPU
		{2A9EF798-2454-4329-92F3-1AE353358B64}.Release|x86.ActiveCfg = Release|Any CPU
		{2A9EF798-2454-4329-92F3-1AE353358B64}.Release|x86.Build.0 = Release|Any CPU
		{C45C3142-E4E7-437F-9C28-591810A765FD}.Debug|Any CPU.ActiveCfg = Debug|Any CPU
		{C45C3142-E4E7-437F-9C28-591810A765FD}.Debug|Any CPU.Build.0 = Debug|Any CPU
		{C45C3142-E4E7-437F-9C28-591810A765FD}.Debug|x64.ActiveCfg = Debug|Any CPU
		{C45C3142-E4E7-437F-9C28-591810A765FD}.Debug|x64.Build.0 = Debug|Any CPU
		{C45C3142-E4E7-437F-9C28-591810A765FD}.Debug|x86.ActiveCfg = Debug|Any CPU
		{C45C3142-E4E7-437F-9C28-591810A765FD}.Debug|x86.Build.0 = Debug|Any CPU
		{C45C3142-E4E7-437F-9C28-591810A765FD}.Release|Any CPU.ActiveCfg = Release|Any CPU
		{C45C3142-E4E7-437F-9C28-591810A765FD}.Release|Any CPU.Build.0 = Release|Any CPU
		{C45C3142-E4E7-437F-9C28-591810A765FD}.Release|x64.ActiveCfg = Release|Any CPU
		{C45C3142-E4E7-437F-9C28-591810A765FD}.Release|x64.Build.0 = Release|Any CPU
		{C45C3142-E4E7-437F-9C28-591810A765FD}.Release|x86.ActiveCfg = Release|Any CPU
		{C45C3142-E4E7-437F-9C28-591810A765FD}.Release|x86.Build.0 = Release|Any CPU
		{F6A85489-50A5-450D-A77D-CEDB85206CAD}.Debug|Any CPU.ActiveCfg = Debug|Any CPU
		{F6A85489-50A5-450D-A77D-CEDB85206CAD}.Debug|Any CPU.Build.0 = Debug|Any CPU
		{F6A85489-50A5-450D-A77D-CEDB85206CAD}.Debug|x64.ActiveCfg = Debug|Any CPU
		{F6A85489-50A5-450D-A77D-CEDB85206CAD}.Debug|x64.Build.0 = Debug|Any CPU
		{F6A85489-50A5-450D-A77D-CEDB85206CAD}.Debug|x86.ActiveCfg = Debug|Any CPU
		{F6A85489-50A5-450D-A77D-CEDB85206CAD}.Debug|x86.Build.0 = Debug|Any CPU
		{F6A85489-50A5-450D-A77D-CEDB85206CAD}.Release|Any CPU.ActiveCfg = Release|Any CPU
		{F6A85489-50A5-450D-A77D-CEDB85206CAD}.Release|Any CPU.Build.0 = Release|Any CPU
		{F6A85489-50A5-450D-A77D-CEDB85206CAD}.Release|x64.ActiveCfg = Release|Any CPU
		{F6A85489-50A5-450D-A77D-CEDB85206CAD}.Release|x64.Build.0 = Release|Any CPU
		{F6A85489-50A5-450D-A77D-CEDB85206CAD}.Release|x86.ActiveCfg = Release|Any CPU
		{F6A85489-50A5-450D-A77D-CEDB85206CAD}.Release|x86.Build.0 = Release|Any CPU
	EndGlobalSection
	GlobalSection(NestedProjects) = preSolution
		{59D39284-D91E-4BB6-90AE-6AE5EDCB0720} = {A55F63F1-2236-4AF8-99AE-FC8E73A5B6D7}
		{2A9EF798-2454-4329-92F3-1AE353358B64} = {DBC80535-46DA-4D74-81B3-DC9714826E44}
		{9DFB3838-824B-4063-9D48-07710564D1B7} = {E84EF256-5EBD-49B9-9BE0-2F0A5DCEA73C}
		{C45C3142-E4E7-437F-9C28-591810A765FD} = {9DFB3838-824B-4063-9D48-07710564D1B7}
		{F6A85489-50A5-450D-A77D-CEDB85206CAD} = {E84EF256-5EBD-49B9-9BE0-2F0A5DCEA73C}
	EndGlobalSection
EndGlobal
