Microsoft Visual Studio Solution File, Format Version 12.00
# Visual Studio Version 16
VisualStudioVersion = 16.0.30114.105
MinimumVisualStudioVersion = 10.0.40219.1
Project("{2150E333-8FDC-42A3-9474-1A3956D46DE8}") = "1. Core", "src\Domain", "{A5C67C49-353C-4AB1-A063-221F534EE456}"
EndProject
Project("{FAE04EC0-301F-11D3-BF4B-00C04F79EFBC}") = "Domain", "src\Domain\Domain.csproj", "{7493BB9A-39DC-4C9F-8CAF-46BF2EDD4C63}"
EndProject
Project("{2150E333-8FDC-42A3-9474-1A3956D46DE8}") = "2. Business Rules", "src\Application", "{6A0AA6CD-BB18-402B-A80B-69CEBF59F217}"
EndProject
Project("{FAE04EC0-301F-11D3-BF4B-00C04F79EFBC}") = "Application", "src\Application\Application.csproj", "{00B95E2F-7A9F-4FFE-A6CA-75EEDC117B84}"
EndProject
Project("{2150E333-8FDC-42A3-9474-1A3956D46DE8}") = "3. Implementation", "src\Infrastructure", "{B301E2F2-9DFE-44A6-9176-97E88FC31391}"
EndProject
Project("{FAE04EC0-301F-11D3-BF4B-00C04F79EFBC}") = "Web", "src\Infrastructure\Web\Web.csproj", "{03EC90BB-EAE9-458A-8F1C-58485996BF78}"
EndProject
Project("{FAE04EC0-301F-11D3-BF4B-00C04F79EFBC}") = "Persistence", "src\Infrastructure\Persistence\Persistence.csproj", "{66CC1153-1AC9-41E0-8ADB-D4CE41D0AA15}"
EndProject
Global
	GlobalSection(SolutionConfigurationPlatforms) = preSolution
		Debug|Any CPU = Debug|Any CPU
		Debug|x64 = Debug|x64
		Debug|x86 = Debug|x86
		Release|Any CPU = Release|Any CPU
		Release|x64 = Release|x64
		Release|x86 = Release|x86
	EndGlobalSection
	GlobalSection(SolutionProperties) = preSolution
		HideSolutionNode = FALSE
	EndGlobalSection
	GlobalSection(ProjectConfigurationPlatforms) = postSolution
		{7493BB9A-39DC-4C9F-8CAF-46BF2EDD4C63}.Debug|Any CPU.ActiveCfg = Debug|Any CPU
		{7493BB9A-39DC-4C9F-8CAF-46BF2EDD4C63}.Debug|Any CPU.Build.0 = Debug|Any CPU
		{7493BB9A-39DC-4C9F-8CAF-46BF2EDD4C63}.Debug|x64.ActiveCfg = Debug|Any CPU
		{7493BB9A-39DC-4C9F-8CAF-46BF2EDD4C63}.Debug|x64.Build.0 = Debug|Any CPU
		{7493BB9A-39DC-4C9F-8CAF-46BF2EDD4C63}.Debug|x86.ActiveCfg = Debug|Any CPU
		{7493BB9A-39DC-4C9F-8CAF-46BF2EDD4C63}.Debug|x86.Build.0 = Debug|Any CPU
		{7493BB9A-39DC-4C9F-8CAF-46BF2EDD4C63}.Release|Any CPU.ActiveCfg = Release|Any CPU
		{7493BB9A-39DC-4C9F-8CAF-46BF2EDD4C63}.Release|Any CPU.Build.0 = Release|Any CPU
		{7493BB9A-39DC-4C9F-8CAF-46BF2EDD4C63}.Release|x64.ActiveCfg = Release|Any CPU
		{7493BB9A-39DC-4C9F-8CAF-46BF2EDD4C63}.Release|x64.Build.0 = Release|Any CPU
		{7493BB9A-39DC-4C9F-8CAF-46BF2EDD4C63}.Release|x86.ActiveCfg = Release|Any CPU
		{7493BB9A-39DC-4C9F-8CAF-46BF2EDD4C63}.Release|x86.Build.0 = Release|Any CPU
		{00B95E2F-7A9F-4FFE-A6CA-75EEDC117B84}.Debug|Any CPU.ActiveCfg = Debug|Any CPU
		{00B95E2F-7A9F-4FFE-A6CA-75EEDC117B84}.Debug|Any CPU.Build.0 = Debug|Any CPU
		{00B95E2F-7A9F-4FFE-A6CA-75EEDC117B84}.Debug|x64.ActiveCfg = Debug|Any CPU
		{00B95E2F-7A9F-4FFE-A6CA-75EEDC117B84}.Debug|x64.Build.0 = Debug|Any CPU
		{00B95E2F-7A9F-4FFE-A6CA-75EEDC117B84}.Debug|x86.ActiveCfg = Debug|Any CPU
		{00B95E2F-7A9F-4FFE-A6CA-75EEDC117B84}.Debug|x86.Build.0 = Debug|Any CPU
		{00B95E2F-7A9F-4FFE-A6CA-75EEDC117B84}.Release|Any CPU.ActiveCfg = Release|Any CPU
		{00B95E2F-7A9F-4FFE-A6CA-75EEDC117B84}.Release|Any CPU.Build.0 = Release|Any CPU
		{00B95E2F-7A9F-4FFE-A6CA-75EEDC117B84}.Release|x64.ActiveCfg = Release|Any CPU
		{00B95E2F-7A9F-4FFE-A6CA-75EEDC117B84}.Release|x64.Build.0 = Release|Any CPU
		{00B95E2F-7A9F-4FFE-A6CA-75EEDC117B84}.Release|x86.ActiveCfg = Release|Any CPU
		{00B95E2F-7A9F-4FFE-A6CA-75EEDC117B84}.Release|x86.Build.0 = Release|Any CPU
		{03EC90BB-EAE9-458A-8F1C-58485996BF78}.Debug|Any CPU.ActiveCfg = Debug|Any CPU
		{03EC90BB-EAE9-458A-8F1C-58485996BF78}.Debug|Any CPU.Build.0 = Debug|Any CPU
		{03EC90BB-EAE9-458A-8F1C-58485996BF78}.Debug|x64.ActiveCfg = Debug|Any CPU
		{03EC90BB-EAE9-458A-8F1C-58485996BF78}.Debug|x64.Build.0 = Debug|Any CPU
		{03EC90BB-EAE9-458A-8F1C-58485996BF78}.Debug|x86.ActiveCfg = Debug|Any CPU
		{03EC90BB-EAE9-458A-8F1C-58485996BF78}.Debug|x86.Build.0 = Debug|Any CPU
		{03EC90BB-EAE9-458A-8F1C-58485996BF78}.Release|Any CPU.ActiveCfg = Release|Any CPU
		{03EC90BB-EAE9-458A-8F1C-58485996BF78}.Release|Any CPU.Build.0 = Release|Any CPU
		{03EC90BB-EAE9-458A-8F1C-58485996BF78}.Release|x64.ActiveCfg = Release|Any CPU
		{03EC90BB-EAE9-458A-8F1C-58485996BF78}.Release|x64.Build.0 = Release|Any CPU
		{03EC90BB-EAE9-458A-8F1C-58485996BF78}.Release|x86.ActiveCfg = Release|Any CPU
		{03EC90BB-EAE9-458A-8F1C-58485996BF78}.Release|x86.Build.0 = Release|Any CPU
		{66CC1153-1AC9-41E0-8ADB-D4CE41D0AA15}.Debug|Any CPU.ActiveCfg = Debug|Any CPU
		{66CC1153-1AC9-41E0-8ADB-D4CE41D0AA15}.Debug|Any CPU.Build.0 = Debug|Any CPU
		{66CC1153-1AC9-41E0-8ADB-D4CE41D0AA15}.Debug|x64.ActiveCfg = Debug|Any CPU
		{66CC1153-1AC9-41E0-8ADB-D4CE41D0AA15}.Debug|x64.Build.0 = Debug|Any CPU
		{66CC1153-1AC9-41E0-8ADB-D4CE41D0AA15}.Debug|x86.ActiveCfg = Debug|Any CPU
		{66CC1153-1AC9-41E0-8ADB-D4CE41D0AA15}.Debug|x86.Build.0 = Debug|Any CPU
		{66CC1153-1AC9-41E0-8ADB-D4CE41D0AA15}.Release|Any CPU.ActiveCfg = Release|Any CPU
		{66CC1153-1AC9-41E0-8ADB-D4CE41D0AA15}.Release|Any CPU.Build.0 = Release|Any CPU
		{66CC1153-1AC9-41E0-8ADB-D4CE41D0AA15}.Release|x64.ActiveCfg = Release|Any CPU
		{66CC1153-1AC9-41E0-8ADB-D4CE41D0AA15}.Release|x64.Build.0 = Release|Any CPU
		{66CC1153-1AC9-41E0-8ADB-D4CE41D0AA15}.Release|x86.ActiveCfg = Release|Any CPU
		{66CC1153-1AC9-41E0-8ADB-D4CE41D0AA15}.Release|x86.Build.0 = Release|Any CPU
	EndGlobalSection
	GlobalSection(NestedProjects) = preSolution
		{7493BB9A-39DC-4C9F-8CAF-46BF2EDD4C63} = {A5C67C49-353C-4AB1-A063-221F534EE456}
		{00B95E2F-7A9F-4FFE-A6CA-75EEDC117B84} = {6A0AA6CD-BB18-402B-A80B-69CEBF59F217}
		{03EC90BB-EAE9-458A-8F1C-58485996BF78} = {B301E2F2-9DFE-44A6-9176-97E88FC31391}
		{66CC1153-1AC9-41E0-8ADB-D4CE41D0AA15} = {B301E2F2-9DFE-44A6-9176-97E88FC31391}
	EndGlobalSection
EndGlobal
